
PODS:
- SDWebImage (3.1):
  - SDWebImage/Main (= 3.1)
- SDWebImage/Main (3.1)
- SVProgressHUD (0.9)

DEPENDENCIES:
- SDWebImage
- SVProgressHUD

SPEC CHECKSUMS:
  SDWebImage: 9e70e5dd0c69d1a043180cd2c5e1d0cd1e4ebcd7
  SDWebImage/Main: 9e70e5dd0c69d1a043180cd2c5e1d0cd1e4ebcd7
  SVProgressHUD: 98935fbafaf0031df4a9cafca3c66eaf3da06967

COCOAPODS: 0.16.1
